// !$*UTF8*$!
{
	archiveVersion = 1;
	classes = {
	};
	objectVersion = 46;
	objects = {

/* Begin PBXBuildFile section */
		E64798751C914C26003980A9 /* UIImage.swift in Sources */ = {isa = PBXBuildFile; fileRef = E64798741C914C26003980A9 /* UIImage.swift */; };
		E64798791C91FE3B003980A9 /* FavoriteAnimationView.swift in Sources */ = {isa = PBXBuildFile; fileRef = E64798781C91FE3B003980A9 /* FavoriteAnimationView.swift */; };
		E66475FC1C8E4ADD00C9996F /* AppDelegate.swift in Sources */ = {isa = PBXBuildFile; fileRef = E66475FB1C8E4ADD00C9996F /* AppDelegate.swift */; };
		E66475FE1C8E4ADD00C9996F /* ViewController.swift in Sources */ = {isa = PBXBuildFile; fileRef = E66475FD1C8E4ADD00C9996F /* ViewController.swift */; };
		E66476011C8E4ADD00C9996F /* Main.storyboard in Resources */ = {isa = PBXBuildFile; fileRef = E66475FF1C8E4ADD00C9996F /* Main.storyboard */; };
		E66476031C8E4ADD00C9996F /* Assets.xcassets in Resources */ = {isa = PBXBuildFile; fileRef = E66476021C8E4ADD00C9996F /* Assets.xcassets */; };
		E66476061C8E4ADD00C9996F /* LaunchScreen.storyboard in Resources */ = {isa = PBXBuildFile; fileRef = E66476041C8E4ADD00C9996F /* LaunchScreen.storyboard */; };
		E664760E1C8E4B5700C9996F /* ConceptCollectionViewController.swift in Sources */ = {isa = PBXBuildFile; fileRef = E664760D1C8E4B5700C9996F /* ConceptCollectionViewController.swift */; };
		E66476101C8E4B9200C9996F /* ConceptCollectionViewFlowLayout.swift in Sources */ = {isa = PBXBuildFile; fileRef = E664760F1C8E4B9200C9996F /* ConceptCollectionViewFlowLayout.swift */; };
		E66476121C8E4C2E00C9996F /* ConceptCollectionViewCell.swift in Sources */ = {isa = PBXBuildFile; fileRef = E66476111C8E4C2E00C9996F /* ConceptCollectionViewCell.swift */; };
		E66476141C8F127900C9996F /* ConceptCollectionViewLayoutAttributes.swift in Sources */ = {isa = PBXBuildFile; fileRef = E66476131C8F127900C9996F /* ConceptCollectionViewLayoutAttributes.swift */; };
		E664761A1C8F1BC300C9996F /* ConceptDetailViewController.swift in Sources */ = {isa = PBXBuildFile; fileRef = E66476191C8F1BC300C9996F /* ConceptDetailViewController.swift */; };
		E664763A1C8F60A900C9996F /* UIView.swift in Sources */ = {isa = PBXBuildFile; fileRef = E66476391C8F60A900C9996F /* UIView.swift */; };
		E66476411C90731200C9996F /* pier-bold-italic.otf in Resources */ = {isa = PBXBuildFile; fileRef = E664763D1C8F656900C9996F /* pier-bold-italic.otf */; };
		E66476421C90731200C9996F /* pier-bold.otf in Resources */ = {isa = PBXBuildFile; fileRef = E664763E1C8F656900C9996F /* pier-bold.otf */; };
		E66476431C90731200C9996F /* pier-italic.otf in Resources */ = {isa = PBXBuildFile; fileRef = E664763F1C8F656900C9996F /* pier-italic.otf */; };
		E66476441C90731200C9996F /* pier-regular.otf in Resources */ = {isa = PBXBuildFile; fileRef = E66476401C8F656900C9996F /* pier-regular.otf */; };
		E66476461C907CD700C9996F /* QuartzCore.framework in Frameworks */ = {isa = PBXBuildFile; fileRef = E66476451C907CD700C9996F /* QuartzCore.framework */; };
		E66476481C907D2800C9996F /* BaseCustomView.swift in Sources */ = {isa = PBXBuildFile; fileRef = E66476471C907D2800C9996F /* BaseCustomView.swift */; };
		E664764A1C907D5A00C9996F /* ConceptPageCount.swift in Sources */ = {isa = PBXBuildFile; fileRef = E66476491C907D5A00C9996F /* ConceptPageCount.swift */; };
		E664764C1C907D6600C9996F /* ConceptPageCount.xib in Resources */ = {isa = PBXBuildFile; fileRef = E664764B1C907D6600C9996F /* ConceptPageCount.xib */; };
		E664764E1C90B07400C9996F /* UILabel.swift in Sources */ = {isa = PBXBuildFile; fileRef = E664764D1C90B07400C9996F /* UILabel.swift */; };
		E66476521C90BE4600C9996F /* Listing.swift in Sources */ = {isa = PBXBuildFile; fileRef = E66476511C90BE4600C9996F /* Listing.swift */; };
		E66476581C90C2A900C9996F /* ConceptDetailAnimationTransitionViewController.swift in Sources */ = {isa = PBXBuildFile; fileRef = E66476571C90C2A900C9996F /* ConceptDetailAnimationTransitionViewController.swift */; };
/* End PBXBuildFile section */

/* Begin PBXFileReference section */
		E64798741C914C26003980A9 /* UIImage.swift */ = {isa = PBXFileReference; fileEncoding = 4; lastKnownFileType = sourcecode.swift; path = UIImage.swift; sourceTree = "<group>"; };
		E64798781C91FE3B003980A9 /* FavoriteAnimationView.swift */ = {isa = PBXFileReference; fileEncoding = 4; lastKnownFileType = sourcecode.swift; path = FavoriteAnimationView.swift; sourceTree = "<group>"; };
		E66475F81C8E4ADD00C9996F /* NavigationConcept.app */ = {isa = PBXFileReference; explicitFileType = wrapper.application; includeInIndex = 0; path = NavigationConcept.app; sourceTree = BUILT_PRODUCTS_DIR; };
		E66475FB1C8E4ADD00C9996F /* AppDelegate.swift */ = {isa = PBXFileReference; lastKnownFileType = sourcecode.swift; path = AppDelegate.swift; sourceTree = "<group>"; };
		E66475FD1C8E4ADD00C9996F /* ViewController.swift */ = {isa = PBXFileReference; lastKnownFileType = sourcecode.swift; path = ViewController.swift; sourceTree = "<group>"; };
		E66476001C8E4ADD00C9996F /* Base */ = {isa = PBXFileReference; lastKnownFileType = file.storyboard; name = Base; path = Base.lproj/Main.storyboard; sourceTree = "<group>"; };
		E66476021C8E4ADD00C9996F /* Assets.xcassets */ = {isa = PBXFileReference; lastKnownFileType = folder.assetcatalog; path = Assets.xcassets; sourceTree = "<group>"; };
		E66476051C8E4ADD00C9996F /* Base */ = {isa = PBXFileReference; lastKnownFileType = file.storyboard; name = Base; path = Base.lproj/LaunchScreen.storyboard; sourceTree = "<group>"; };
		E66476071C8E4ADD00C9996F /* Info.plist */ = {isa = PBXFileReference; lastKnownFileType = text.plist.xml; path = Info.plist; sourceTree = "<group>"; };
		E664760D1C8E4B5700C9996F /* ConceptCollectionViewController.swift */ = {isa = PBXFileReference; fileEncoding = 4; lastKnownFileType = sourcecode.swift; path = ConceptCollectionViewController.swift; sourceTree = "<group>"; };
		E664760F1C8E4B9200C9996F /* ConceptCollectionViewFlowLayout.swift */ = {isa = PBXFileReference; fileEncoding = 4; lastKnownFileType = sourcecode.swift; path = ConceptCollectionViewFlowLayout.swift; sourceTree = "<group>"; };
		E66476111C8E4C2E00C9996F /* ConceptCollectionViewCell.swift */ = {isa = PBXFileReference; fileEncoding = 4; lastKnownFileType = sourcecode.swift; path = ConceptCollectionViewCell.swift; sourceTree = "<group>"; };
		E66476131C8F127900C9996F /* ConceptCollectionViewLayoutAttributes.swift */ = {isa = PBXFileReference; fileEncoding = 4; lastKnownFileType = sourcecode.swift; path = ConceptCollectionViewLayoutAttributes.swift; sourceTree = "<group>"; };
		E66476191C8F1BC300C9996F /* ConceptDetailViewController.swift */ = {isa = PBXFileReference; fileEncoding = 4; lastKnownFileType = sourcecode.swift; path = ConceptDetailViewController.swift; sourceTree = "<group>"; };
		E66476391C8F60A900C9996F /* UIView.swift */ = {isa = PBXFileReference; fileEncoding = 4; lastKnownFileType = sourcecode.swift; path = UIView.swift; sourceTree = "<group>"; };
		E664763D1C8F656900C9996F /* pier-bold-italic.otf */ = {isa = PBXFileReference; lastKnownFileType = file; path = "pier-bold-italic.otf"; sourceTree = "<group>"; };
		E664763E1C8F656900C9996F /* pier-bold.otf */ = {isa = PBXFileReference; lastKnownFileType = file; path = "pier-bold.otf"; sourceTree = "<group>"; };
		E664763F1C8F656900C9996F /* pier-italic.otf */ = {isa = PBXFileReference; lastKnownFileType = file; path = "pier-italic.otf"; sourceTree = "<group>"; };
		E66476401C8F656900C9996F /* pier-regular.otf */ = {isa = PBXFileReference; lastKnownFileType = file; path = "pier-regular.otf"; sourceTree = "<group>"; };
		E66476451C907CD700C9996F /* QuartzCore.framework */ = {isa = PBXFileReference; lastKnownFileType = wrapper.framework; name = QuartzCore.framework; path = System/Library/Frameworks/QuartzCore.framework; sourceTree = SDKROOT; };
		E66476471C907D2800C9996F /* BaseCustomView.swift */ = {isa = PBXFileReference; fileEncoding = 4; lastKnownFileType = sourcecode.swift; path = BaseCustomView.swift; sourceTree = "<group>"; };
		E66476491C907D5A00C9996F /* ConceptPageCount.swift */ = {isa = PBXFileReference; fileEncoding = 4; lastKnownFileType = sourcecode.swift; path = ConceptPageCount.swift; sourceTree = "<group>"; };
		E664764B1C907D6600C9996F /* ConceptPageCount.xib */ = {isa = PBXFileReference; fileEncoding = 4; lastKnownFileType = file.xib; path = ConceptPageCount.xib; sourceTree = "<group>"; };
		E664764D1C90B07400C9996F /* UILabel.swift */ = {isa = PBXFileReference; fileEncoding = 4; lastKnownFileType = sourcecode.swift; path = UILabel.swift; sourceTree = "<group>"; };
		E66476511C90BE4600C9996F /* Listing.swift */ = {isa = PBXFileReference; fileEncoding = 4; lastKnownFileType = sourcecode.swift; path = Listing.swift; sourceTree = "<group>"; };
		E66476571C90C2A900C9996F /* ConceptDetailAnimationTransitionViewController.swift */ = {isa = PBXFileReference; fileEncoding = 4; lastKnownFileType = sourcecode.swift; path = ConceptDetailAnimationTransitionViewController.swift; sourceTree = "<group>"; };
/* End PBXFileReference section */

/* Begin PBXFrameworksBuildPhase section */
		E66475F51C8E4ADD00C9996F /* Frameworks */ = {
			isa = PBXFrameworksBuildPhase;
			buildActionMask = 2147483647;
			files = (
				E66476461C907CD700C9996F /* QuartzCore.framework in Frameworks */,
			);
			runOnlyForDeploymentPostprocessing = 0;
		};
/* End PBXFrameworksBuildPhase section */

/* Begin PBXGroup section */
		E66475EF1C8E4ADD00C9996F = {
			isa = PBXGroup;
			children = (
				E66476451C907CD700C9996F /* QuartzCore.framework */,
				E66475FA1C8E4ADD00C9996F /* NavigationConcept */,
				E66475F91C8E4ADD00C9996F /* Products */,
			);
			sourceTree = "<group>";
		};
		E66475F91C8E4ADD00C9996F /* Products */ = {
			isa = PBXGroup;
			children = (
				E66475F81C8E4ADD00C9996F /* NavigationConcept.app */,
			);
			name = Products;
			sourceTree = "<group>";
		};
		E66475FA1C8E4ADD00C9996F /* NavigationConcept */ = {
			isa = PBXGroup;
			children = (
				E664763C1C8F655D00C9996F /* Font */,
				E664763B1C8F60AC00C9996F /* Extensions */,
				E66475FB1C8E4ADD00C9996F /* AppDelegate.swift */,
				E66475FD1C8E4ADD00C9996F /* ViewController.swift */,
				E66475FF1C8E4ADD00C9996F /* Main.storyboard */,
				E66476021C8E4ADD00C9996F /* Assets.xcassets */,
				E66476041C8E4ADD00C9996F /* LaunchScreen.storyboard */,
				E66476071C8E4ADD00C9996F /* Info.plist */,
				E664760D1C8E4B5700C9996F /* ConceptCollectionViewController.swift */,
				E664760F1C8E4B9200C9996F /* ConceptCollectionViewFlowLayout.swift */,
				E66476111C8E4C2E00C9996F /* ConceptCollectionViewCell.swift */,
				E66476131C8F127900C9996F /* ConceptCollectionViewLayoutAttributes.swift */,
				E66476571C90C2A900C9996F /* ConceptDetailAnimationTransitionViewController.swift */,
				E66476191C8F1BC300C9996F /* ConceptDetailViewController.swift */,
				E66476471C907D2800C9996F /* BaseCustomView.swift */,
				E66476491C907D5A00C9996F /* ConceptPageCount.swift */,
				E664764B1C907D6600C9996F /* ConceptPageCount.xib */,
				E66476511C90BE4600C9996F /* Listing.swift */,
				E64798781C91FE3B003980A9 /* FavoriteAnimationView.swift */,
			);
			path = NavigationConcept;
			sourceTree = "<group>";
		};
		E664763B1C8F60AC00C9996F /* Extensions */ = {
			isa = PBXGroup;
			children = (
				E66476391C8F60A900C9996F /* UIView.swift */,
				E664764D1C90B07400C9996F /* UILabel.swift */,
				E64798741C914C26003980A9 /* UIImage.swift */,
			);
			name = Extensions;
			sourceTree = "<group>";
		};
		E664763C1C8F655D00C9996F /* Font */ = {
			isa = PBXGroup;
			children = (
				E664763D1C8F656900C9996F /* pier-bold-italic.otf */,
				E664763E1C8F656900C9996F /* pier-bold.otf */,
				E664763F1C8F656900C9996F /* pier-italic.otf */,
				E66476401C8F656900C9996F /* pier-regular.otf */,
			);
			name = Font;
			sourceTree = "<group>";
		};
/* End PBXGroup section */

/* Begin PBXNativeTarget section */
		E66475F71C8E4ADD00C9996F /* NavigationConcept */ = {
			isa = PBXNativeTarget;
			buildConfigurationList = E664760A1C8E4ADD00C9996F /* Build configuration list for PBXNativeTarget "NavigationConcept" */;
			buildPhases = (
				E66475F41C8E4ADD00C9996F /* Sources */,
				E66475F51C8E4ADD00C9996F /* Frameworks */,
				E66475F61C8E4ADD00C9996F /* Resources */,
			);
			buildRules = (
			);
			dependencies = (
			);
			name = NavigationConcept;
			productName = NavigationConcept;
			productReference = E66475F81C8E4ADD00C9996F /* NavigationConcept.app */;
			productType = "com.apple.product-type.application";
		};
/* End PBXNativeTarget section */

/* Begin PBXProject section */
		E66475F01C8E4ADD00C9996F /* Project object */ = {
			isa = PBXProject;
			attributes = {
				LastSwiftUpdateCheck = 0720;
				LastUpgradeCheck = 0720;
				ORGANIZATIONNAME = Rentpath;
				TargetAttributes = {
					E66475F71C8E4ADD00C9996F = {
						CreatedOnToolsVersion = 7.2;
						DevelopmentTeam = QTWPSC4W56;
					};
				};
			};
			buildConfigurationList = E66475F31C8E4ADD00C9996F /* Build configuration list for PBXProject "NavigationConcept" */;
			compatibilityVersion = "Xcode 3.2";
			developmentRegion = English;
			hasScannedForEncodings = 0;
			knownRegions = (
				en,
				Base,
			);
			mainGroup = E66475EF1C8E4ADD00C9996F;
			productRefGroup = E66475F91C8E4ADD00C9996F /* Products */;
			projectDirPath = "";
			projectRoot = "";
			targets = (
				E66475F71C8E4ADD00C9996F /* NavigationConcept */,
			);
		};
/* End PBXProject section */

/* Begin PBXResourcesBuildPhase section */
		E66475F61C8E4ADD00C9996F /* Resources */ = {
			isa = PBXResourcesBuildPhase;
			buildActionMask = 2147483647;
			files = (
				E66476411C90731200C9996F /* pier-bold-italic.otf in Resources */,
				E66476441C90731200C9996F /* pier-regular.otf in Resources */,
				E66476061C8E4ADD00C9996F /* LaunchScreen.storyboard in Resources */,
				E66476031C8E4ADD00C9996F /* Assets.xcassets in Resources */,
				E66476431C90731200C9996F /* pier-italic.otf in Resources */,
				E66476421C90731200C9996F /* pier-bold.otf in Resources */,
				E66476011C8E4ADD00C9996F /* Main.storyboard in Resources */,
				E664764C1C907D6600C9996F /* ConceptPageCount.xib in Resources */,
			);
			runOnlyForDeploymentPostprocessing = 0;
		};
/* End PBXResourcesBuildPhase section */

/* Begin PBXSourcesBuildPhase section */
		E66475F41C8E4ADD00C9996F /* Sources */ = {
			isa = PBXSourcesBuildPhase;
			buildActionMask = 2147483647;
			files = (
				E664763A1C8F60A900C9996F /* UIView.swift in Sources */,
				E66475FE1C8E4ADD00C9996F /* ViewController.swift in Sources */,
				E66476581C90C2A900C9996F /* ConceptDetailAnimationTransitionViewController.swift in Sources */,
				E64798791C91FE3B003980A9 /* FavoriteAnimationView.swift in Sources */,
				E66476101C8E4B9200C9996F /* ConceptCollectionViewFlowLayout.swift in Sources */,
				E664764E1C90B07400C9996F /* UILabel.swift in Sources */,
				E664764A1C907D5A00C9996F /* ConceptPageCount.swift in Sources */,
				E66476121C8E4C2E00C9996F /* ConceptCollectionViewCell.swift in Sources */,
				E664760E1C8E4B5700C9996F /* ConceptCollectionViewController.swift in Sources */,
				E66476141C8F127900C9996F /* ConceptCollectionViewLayoutAttributes.swift in Sources */,
				E64798751C914C26003980A9 /* UIImage.swift in Sources */,
				E664761A1C8F1BC300C9996F /* ConceptDetailViewController.swift in Sources */,
				E66475FC1C8E4ADD00C9996F /* AppDelegate.swift in Sources */,
				E66476481C907D2800C9996F /* BaseCustomView.swift in Sources */,
				E66476521C90BE4600C9996F /* Listing.swift in Sources */,
			);
			runOnlyForDeploymentPostprocessing = 0;
		};
/* End PBXSourcesBuildPhase section */

/* Begin PBXVariantGroup section */
		E66475FF1C8E4ADD00C9996F /* Main.storyboard */ = {
			isa = PBXVariantGroup;
			children = (
				E66476001C8E4ADD00C9996F /* Base */,
			);
			name = Main.storyboard;
			sourceTree = "<group>";
		};
		E66476041C8E4ADD00C9996F /* LaunchScreen.storyboard */ = {
			isa = PBXVariantGroup;
			children = (
				E66476051C8E4ADD00C9996F /* Base */,
			);
			name = LaunchScreen.storyboard;
			sourceTree = "<group>";
		};
/* End PBXVariantGroup section */

/* Begin XCBuildConfiguration section */
		E66476081C8E4ADD00C9996F /* Debug */ = {
			isa = XCBuildConfiguration;
			buildSettings = {
				ALWAYS_SEARCH_USER_PATHS = NO;
				CLANG_CXX_LANGUAGE_STANDARD = "gnu++0x";
				CLANG_CXX_LIBRARY = "libc++";
				CLANG_ENABLE_MODULES = YES;
				CLANG_ENABLE_OBJC_ARC = YES;
				CLANG_WARN_BOOL_CONVERSION = YES;
				CLANG_WARN_CONSTANT_CONVERSION = YES;
				CLANG_WARN_DIRECT_OBJC_ISA_USAGE = YES_ERROR;
				CLANG_WARN_EMPTY_BODY = YES;
				CLANG_WARN_ENUM_CONVERSION = YES;
				CLANG_WARN_INT_CONVERSION = YES;
				CLANG_WARN_OBJC_ROOT_CLASS = YES_ERROR;
				CLANG_WARN_UNREACHABLE_CODE = YES;
				CLANG_WARN__DUPLICATE_METHOD_MATCH = YES;
				"CODE_SIGN_IDENTITY[sdk=iphoneos*]" = "iPhone Developer";
				COPY_PHASE_STRIP = NO;
				DEBUG_INFORMATION_FORMAT = dwarf;
				ENABLE_STRICT_OBJC_MSGSEND = YES;
				ENABLE_TESTABILITY = YES;
				GCC_C_LANGUAGE_STANDARD = gnu99;
				GCC_DYNAMIC_NO_PIC = NO;
				GCC_NO_COMMON_BLOCKS = YES;
				GCC_OPTIMIZATION_LEVEL = 0;
				GCC_PREPROCESSOR_DEFINITIONS = (
					"DEBUG=1",
					"$(inherited)",
				);
				GCC_WARN_64_TO_32_BIT_CONVERSION = YES;
				GCC_WARN_ABOUT_RETURN_TYPE = YES_ERROR;
				GCC_WARN_UNDECLARED_SELECTOR = YES;
				GCC_WARN_UNINITIALIZED_AUTOS = YES_AGGRESSIVE;
				GCC_WARN_UNUSED_FUNCTION = YES;
				GCC_WARN_UNUSED_VARIABLE = YES;
				IPHONEOS_DEPLOYMENT_TARGET = 9.2;
				MTL_ENABLE_DEBUG_INFO = YES;
				ONLY_ACTIVE_ARCH = YES;
				SDKROOT = iphoneos;
				SWIFT_OPTIMIZATION_LEVEL = "-Onone";
				TARGETED_DEVICE_FAMILY = "1,2";
			};
			name = Debug;
		};
		E66476091C8E4ADD00C9996F /* Release */ = {
			isa = XCBuildConfiguration;
			buildSettings = {
				ALWAYS_SEARCH_USER_PATHS = NO;
				CLANG_CXX_LANGUAGE_STANDARD = "gnu++0x";
				CLANG_CXX_LIBRARY = "libc++";
				CLANG_ENABLE_MODULES = YES;
				CLANG_ENABLE_OBJC_ARC = YES;
				CLANG_WARN_BOOL_CONVERSION = YES;
				CLANG_WARN_CONSTANT_CONVERSION = YES;
				CLANG_WARN_DIRECT_OBJC_ISA_USAGE = YES_ERROR;
				CLANG_WARN_EMPTY_BODY = YES;
				CLANG_WARN_ENUM_CONVERSION = YES;
				CLANG_WARN_INT_CONVERSION = YES;
				CLANG_WARN_OBJC_ROOT_CLASS = YES_ERROR;
				CLANG_WARN_UNREACHABLE_CODE = YES;
				CLANG_WARN__DUPLICATE_METHOD_MATCH = YES;
				"CODE_SIGN_IDENTITY[sdk=iphoneos*]" = "iPhone Developer";
				COPY_PHASE_STRIP = NO;
				DEBUG_INFORMATION_FORMAT = "dwarf-with-dsym";
				ENABLE_NS_ASSERTIONS = NO;
				ENABLE_STRICT_OBJC_MSGSEND = YES;
				GCC_C_LANGUAGE_STANDARD = gnu99;
				GCC_NO_COMMON_BLOCKS = YES;
				GCC_WARN_64_TO_32_BIT_CONVERSION = YES;
				GCC_WARN_ABOUT_RETURN_TYPE = YES_ERROR;
				GCC_WARN_UNDECLARED_SELECTOR = YES;
				GCC_WARN_UNINITIALIZED_AUTOS = YES_AGGRESSIVE;
				GCC_WARN_UNUSED_FUNCTION = YES;
				GCC_WARN_UNUSED_VARIABLE = YES;
				IPHONEOS_DEPLOYMENT_TARGET = 9.2;
				MTL_ENABLE_DEBUG_INFO = NO;
				SDKROOT = iphoneos;
				TARGETED_DEVICE_FAMILY = "1,2";
				VALIDATE_PRODUCT = YES;
			};
			name = Release;
		};
		E664760B1C8E4ADD00C9996F /* Debug */ = {
			isa = XCBuildConfiguration;
			buildSettings = {
				ASSETCATALOG_COMPILER_APPICON_NAME = AppIcon;
				CODE_SIGN_IDENTITY = "iPhone Developer";
				"CODE_SIGN_IDENTITY[sdk=iphoneos*]" = "iPhone Developer";
				INFOPLIST_FILE = NavigationConcept/Info.plist;
				LD_RUNPATH_SEARCH_PATHS = "$(inherited) @executable_path/Frameworks";
				PRODUCT_BUNDLE_IDENTIFIER = com.rentpath.NavigationConcept;
				PRODUCT_NAME = "$(TARGET_NAME)";
			};
			name = Debug;
		};
		E664760C1C8E4ADD00C9996F /* Release */ = {
			isa = XCBuildConfiguration;
			buildSettings = {
				ASSETCATALOG_COMPILER_APPICON_NAME = AppIcon;
				CODE_SIGN_IDENTITY = "iPhone Developer";
				INFOPLIST_FILE = NavigationConcept/Info.plist;
				LD_RUNPATH_SEARCH_PATHS = "$(inherited) @executable_path/Frameworks";
				PRODUCT_BUNDLE_IDENTIFIER = com.rentpath.NavigationConcept;
				PRODUCT_NAME = "$(TARGET_NAME)";
			};
			name = Release;
		};
/* End XCBuildConfiguration section */

/* Begin XCConfigurationList section */
		E66475F31C8E4ADD00C9996F /* Build configuration list for PBXProject "NavigationConcept" */ = {
			isa = XCConfigurationList;
			buildConfigurations = (
				E66476081C8E4ADD00C9996F /* Debug */,
				E66476091C8E4ADD00C9996F /* Release */,
			);
			defaultConfigurationIsVisible = 0;
			defaultConfigurationName = Release;
		};
		E664760A1C8E4ADD00C9996F /* Build configuration list for PBXNativeTarget "NavigationConcept" */ = {
			isa = XCConfigurationList;
			buildConfigurations = (
				E664760B1C8E4ADD00C9996F /* Debug */,
				E664760C1C8E4ADD00C9996F /* Release */,
			);
			defaultConfigurationIsVisible = 0;
			defaultConfigurationName = Release;
		};
/* End XCConfigurationList section */
	};
	rootObject = E66475F01C8E4ADD00C9996F /* Project object */;
}
